
Microsoft Visual Studio Solution File, Format Version 12.00
# Visual Studio Version 16
VisualStudioVersion = 16.0.34601.136
MinimumVisualStudioVersion = 10.0.40219.1
Project("{2150E333-8FDC-42A3-9474-1A3956D46DE8}") = "Source Code", "Source Code", "{016CB7CA-D962-4D88-BA4F-FE5A94F35C90}"
EndProject
Project("{2150E333-8FDC-42A3-9474-1A3956D46DE8}") = "Tests", "Tests", "{0FDF8D98-F5E9-4BEB-B801-36ED8F9E6763}"
EndProject
Project("{2150E333-8FDC-42A3-9474-1A3956D46DE8}") = "Api", "Api", "{A5B5B6F2-1390-4F70-8379-4FA9252043A3}"
EndProject
Project("{9A19103F-16F7-4668-BE54-9A1E7A4F7556}") = "PSManagement.Api", "PSManagement.Api\PSManagement.Api.csproj", "{CC2050CF-C358-4E97-8889-644924CFFFF6}"
EndProject
Project("{2150E333-8FDC-42A3-9474-1A3956D46DE8}") = "Contracts", "Contracts", "{8EEECA2A-3857-4081-A67C-49B9610FE5AE}"
EndProject
Project("{9A19103F-16F7-4668-BE54-9A1E7A4F7556}") = "PSManagement.Application", "PSManagement.Application\PSManagement.Application.csproj", "{1EA4D7A7-EF37-43C4-8704-223CD7F44162}"
EndProject
Project("{9A19103F-16F7-4668-BE54-9A1E7A4F7556}") = "PSManagement.Domain", "PSManagement.Domain\PSManagement.Domain.csproj", "{34AD12C1-6312-4F2A-8297-645BC8221C8B}"
EndProject
Project("{9A19103F-16F7-4668-BE54-9A1E7A4F7556}") = "PSManagement.SharedKernel", "PSManagement.SharedKernel\PSManagement.SharedKernel.csproj", "{3507E59A-4B8B-4418-B1C6-0AD0C2697959}"
EndProject
Project("{9A19103F-16F7-4668-BE54-9A1E7A4F7556}") = "PSManagement.Infrastructure", "PSManagement.Infrastructure\PSManagement.Infrastructure.csproj", "{E96488F4-9D4F-4890-A7A0-1085647C82A8}"
EndProject
Project("{2150E333-8FDC-42A3-9474-1A3956D46DE8}") = "Infrastructure", "Infrastructure", "{7C209DBF-1DB8-4E86-BD78-F689B70D5BD1}"
EndProject
Project("{2150E333-8FDC-42A3-9474-1A3956D46DE8}") = "Application", "Application", "{A8A58969-B142-4968-982B-16F771A7C805}"
EndProject
Project("{2150E333-8FDC-42A3-9474-1A3956D46DE8}") = "Domain", "Domain", "{F823B488-2A6B-40C0-B332-65C861DA40E3}"
EndProject
Project("{2150E333-8FDC-42A3-9474-1A3956D46DE8}") = "SharedKernel", "SharedKernel", "{9C4A8DA5-024F-48AD-BD57-37FC8AEBAFA2}"
EndProject
Project("{2150E333-8FDC-42A3-9474-1A3956D46DE8}") = "UnitTests", "UnitTests", "{84B78C28-82FF-4D1D-88C0-A8E627582714}"
EndProject
Project("{9A19103F-16F7-4668-BE54-9A1E7A4F7556}") = "PSManagement.Presentation", "PSManagement.Presentation\PSManagement.Presentation.csproj", "{78B92586-BECB-456B-A06C-F251BD593025}"
EndProject
Project("{2150E333-8FDC-42A3-9474-1A3956D46DE8}") = "Presentation", "Presentation", "{5E63B74D-16D2-4A0D-AB2C-9A74D9E80884}"
EndProject
Project("{9A19103F-16F7-4668-BE54-9A1E7A4F7556}") = "PSManagement.Contracts", "PSManagement.Contracts\PSManagement.Contracts.csproj", "{122442B5-0221-43A7-80A3-555E91699951}"
EndProject
Project("{9A19103F-16F7-4668-BE54-9A1E7A4F7556}") = "PSManagement.Infrastructure.Persistence", "PSManagement.Infrastructure.Persistence\PSManagement.Infrastructure.Persistence.csproj", "{430FC82E-16C9-453F-92D3-F4E35F52E0F0}"
EndProject
Project("{2150E333-8FDC-42A3-9474-1A3956D46DE8}") = "Persistence", "Persistence", "{E40CD9A8-20E3-4D39-992B-F7DA048E3B4C}"
EndProject
Global
	GlobalSection(SolutionConfigurationPlatforms) = preSolution
		Debug|Any CPU = Debug|Any CPU
		Release|Any CPU = Release|Any CPU
	EndGlobalSection
	GlobalSection(ProjectConfigurationPlatforms) = postSolution
		{CC2050CF-C358-4E97-8889-644924CFFFF6}.Debug|Any CPU.ActiveCfg = Debug|Any CPU
		{CC2050CF-C358-4E97-8889-644924CFFFF6}.Debug|Any CPU.Build.0 = Debug|Any CPU
		{CC2050CF-C358-4E97-8889-644924CFFFF6}.Release|Any CPU.ActiveCfg = Release|Any CPU
		{CC2050CF-C358-4E97-8889-644924CFFFF6}.Release|Any CPU.Build.0 = Release|Any CPU
		{1EA4D7A7-EF37-43C4-8704-223CD7F44162}.Debug|Any CPU.ActiveCfg = Debug|Any CPU
		{1EA4D7A7-EF37-43C4-8704-223CD7F44162}.Debug|Any CPU.Build.0 = Debug|Any CPU
		{1EA4D7A7-EF37-43C4-8704-223CD7F44162}.Release|Any CPU.ActiveCfg = Release|Any CPU
		{1EA4D7A7-EF37-43C4-8704-223CD7F44162}.Release|Any CPU.Build.0 = Release|Any CPU
		{34AD12C1-6312-4F2A-8297-645BC8221C8B}.Debug|Any CPU.ActiveCfg = Debug|Any CPU
		{34AD12C1-6312-4F2A-8297-645BC8221C8B}.Debug|Any CPU.Build.0 = Debug|Any CPU
		{34AD12C1-6312-4F2A-8297-645BC8221C8B}.Release|Any CPU.ActiveCfg = Release|Any CPU
		{34AD12C1-6312-4F2A-8297-645BC8221C8B}.Release|Any CPU.Build.0 = Release|Any CPU
		{3507E59A-4B8B-4418-B1C6-0AD0C2697959}.Debug|Any CPU.ActiveCfg = Debug|Any CPU
		{3507E59A-4B8B-4418-B1C6-0AD0C2697959}.Debug|Any CPU.Build.0 = Debug|Any CPU
		{3507E59A-4B8B-4418-B1C6-0AD0C2697959}.Release|Any CPU.ActiveCfg = Release|Any CPU
		{3507E59A-4B8B-4418-B1C6-0AD0C2697959}.Release|Any CPU.Build.0 = Release|Any CPU
		{E96488F4-9D4F-4890-A7A0-1085647C82A8}.Debug|Any CPU.ActiveCfg = Debug|Any CPU
		{E96488F4-9D4F-4890-A7A0-1085647C82A8}.Debug|Any CPU.Build.0 = Debug|Any CPU
		{E96488F4-9D4F-4890-A7A0-1085647C82A8}.Release|Any CPU.ActiveCfg = Release|Any CPU
		{E96488F4-9D4F-4890-A7A0-1085647C82A8}.Release|Any CPU.Build.0 = Release|Any CPU
		{78B92586-BECB-456B-A06C-F251BD593025}.Debug|Any CPU.ActiveCfg = Debug|Any CPU
		{78B92586-BECB-456B-A06C-F251BD593025}.Debug|Any CPU.Build.0 = Debug|Any CPU
		{78B92586-BECB-456B-A06C-F251BD593025}.Release|Any CPU.ActiveCfg = Release|Any CPU
		{78B92586-BECB-456B-A06C-F251BD593025}.Release|Any CPU.Build.0 = Release|Any CPU
		{122442B5-0221-43A7-80A3-555E91699951}.Debug|Any CPU.ActiveCfg = Debug|Any CPU
		{122442B5-0221-43A7-80A3-555E91699951}.Debug|Any CPU.Build.0 = Debug|Any CPU
		{122442B5-0221-43A7-80A3-555E91699951}.Release|Any CPU.ActiveCfg = Release|Any CPU
		{122442B5-0221-43A7-80A3-555E91699951}.Release|Any CPU.Build.0 = Release|Any CPU
		{430FC82E-16C9-453F-92D3-F4E35F52E0F0}.Debug|Any CPU.ActiveCfg = Debug|Any CPU
		{430FC82E-16C9-453F-92D3-F4E35F52E0F0}.Debug|Any CPU.Build.0 = Debug|Any CPU
		{430FC82E-16C9-453F-92D3-F4E35F52E0F0}.Release|Any CPU.ActiveCfg = Release|Any CPU
		{430FC82E-16C9-453F-92D3-F4E35F52E0F0}.Release|Any CPU.Build.0 = Release|Any CPU
	EndGlobalSection
	GlobalSection(SolutionProperties) = preSolution
		HideSolutionNode = FALSE
	EndGlobalSection
	GlobalSection(NestedProjects) = preSolution
		{A5B5B6F2-1390-4F70-8379-4FA9252043A3} = {016CB7CA-D962-4D88-BA4F-FE5A94F35C90}
		{CC2050CF-C358-4E97-8889-644924CFFFF6} = {A5B5B6F2-1390-4F70-8379-4FA9252043A3}
		{8EEECA2A-3857-4081-A67C-49B9610FE5AE} = {016CB7CA-D962-4D88-BA4F-FE5A94F35C90}
		{1EA4D7A7-EF37-43C4-8704-223CD7F44162} = {A8A58969-B142-4968-982B-16F771A7C805}
		{34AD12C1-6312-4F2A-8297-645BC8221C8B} = {F823B488-2A6B-40C0-B332-65C861DA40E3}
		{3507E59A-4B8B-4418-B1C6-0AD0C2697959} = {9C4A8DA5-024F-48AD-BD57-37FC8AEBAFA2}
		{E96488F4-9D4F-4890-A7A0-1085647C82A8} = {7C209DBF-1DB8-4E86-BD78-F689B70D5BD1}
		{7C209DBF-1DB8-4E86-BD78-F689B70D5BD1} = {016CB7CA-D962-4D88-BA4F-FE5A94F35C90}
		{A8A58969-B142-4968-982B-16F771A7C805} = {016CB7CA-D962-4D88-BA4F-FE5A94F35C90}
		{F823B488-2A6B-40C0-B332-65C861DA40E3} = {016CB7CA-D962-4D88-BA4F-FE5A94F35C90}
		{9C4A8DA5-024F-48AD-BD57-37FC8AEBAFA2} = {016CB7CA-D962-4D88-BA4F-FE5A94F35C90}
		{84B78C28-82FF-4D1D-88C0-A8E627582714} = {0FDF8D98-F5E9-4BEB-B801-36ED8F9E6763}
		{78B92586-BECB-456B-A06C-F251BD593025} = {5E63B74D-16D2-4A0D-AB2C-9A74D9E80884}
		{5E63B74D-16D2-4A0D-AB2C-9A74D9E80884} = {016CB7CA-D962-4D88-BA4F-FE5A94F35C90}
		{122442B5-0221-43A7-80A3-555E91699951} = {8EEECA2A-3857-4081-A67C-49B9610FE5AE}
		{430FC82E-16C9-453F-92D3-F4E35F52E0F0} = {E40CD9A8-20E3-4D39-992B-F7DA048E3B4C}
		{E40CD9A8-20E3-4D39-992B-F7DA048E3B4C} = {7C209DBF-1DB8-4E86-BD78-F689B70D5BD1}
	EndGlobalSection
	GlobalSection(ExtensibilityGlobals) = postSolution
		SolutionGuid = {5B34709A-AE37-4026-9182-CB9C7ADDEAF5}
	EndGlobalSection
EndGlobal
